// !$*UTF8*$!
{
	archiveVersion = 1;
	classes = {
	};
	objectVersion = 46;
	objects = {

/* Begin PBXBuildFile section */
		470CFFCB1C40E16600BE9499 /* AppDelegate.swift in Sources */ = {isa = PBXBuildFile; fileRef = 470CFFCA1C40E16600BE9499 /* AppDelegate.swift */; };
		470CFFCD1C40E16600BE9499 /* ViewController.swift in Sources */ = {isa = PBXBuildFile; fileRef = 470CFFCC1C40E16600BE9499 /* ViewController.swift */; };
		470CFFD01C40E16600BE9499 /* Main.storyboard in Resources */ = {isa = PBXBuildFile; fileRef = 470CFFCE1C40E16600BE9499 /* Main.storyboard */; };
		470CFFD21C40E16600BE9499 /* Assets.xcassets in Resources */ = {isa = PBXBuildFile; fileRef = 470CFFD11C40E16600BE9499 /* Assets.xcassets */; };
		470CFFD51C40E16600BE9499 /* LaunchScreen.storyboard in Resources */ = {isa = PBXBuildFile; fileRef = 470CFFD31C40E16600BE9499 /* LaunchScreen.storyboard */; };
/* End PBXBuildFile section */

/* Begin PBXFileReference section */
		470CFFC71C40E16600BE9499 /* SuperCool.app */ = {isa = PBXFileReference; explicitFileType = wrapper.application; includeInIndex = 0; path = SuperCool.app; sourceTree = BUILT_PRODUCTS_DIR; };
		470CFFCA1C40E16600BE9499 /* AppDelegate.swift */ = {isa = PBXFileReference; lastKnownFileType = sourcecode.swift; path = AppDelegate.swift; sourceTree = "<group>"; };
		470CFFCC1C40E16600BE9499 /* ViewController.swift */ = {isa = PBXFileReference; lastKnownFileType = sourcecode.swift; path = ViewController.swift; sourceTree = "<group>"; };
		470CFFCF1C40E16600BE9499 /* Base */ = {isa = PBXFileReference; lastKnownFileType = file.storyboard; name = Base; path = Base.lproj/Main.storyboard; sourceTree = "<group>"; };
		470CFFD11C40E16600BE9499 /* Assets.xcassets */ = {isa = PBXFileReference; lastKnownFileType = folder.assetcatalog; path = Assets.xcassets; sourceTree = "<group>"; };
		470CFFD41C40E16600BE9499 /* Base */ = {isa = PBXFileReference; lastKnownFileType = file.storyboard; name = Base; path = Base.lproj/LaunchScreen.storyboard; sourceTree = "<group>"; };
		470CFFD61C40E16600BE9499 /* Info.plist */ = {isa = PBXFileReference; lastKnownFileType = text.plist.xml; path = Info.plist; sourceTree = "<group>"; };
/* End PBXFileReference section */

/* Begin PBXFrameworksBuildPhase section */
		470CFFC41C40E16600BE9499 /* Frameworks */ = {
			isa = PBXFrameworksBuildPhase;
			buildActionMask = 2147483647;
			files = (
			);
			runOnlyForDeploymentPostprocessing = 0;
		};
/* End PBXFrameworksBuildPhase section */

/* Begin PBXGroup section */
		470CFFBE1C40E16600BE9499 = {
			isa = PBXGroup;
			children = (
				470CFFC91C40E16600BE9499 /* SuperCool */,
				470CFFC81C40E16600BE9499 /* Products */,
			);
			sourceTree = "<group>";
		};
		470CFFC81C40E16600BE9499 /* Products */ = {
			isa = PBXGroup;
			children = (
				470CFFC71C40E16600BE9499 /* SuperCool.app */,
			);
			name = Products;
			sourceTree = "<group>";
		};
		470CFFC91C40E16600BE9499 /* SuperCool */ = {
			isa = PBXGroup;
			children = (
				470CFFCA1C40E16600BE9499 /* AppDelegate.swift */,
				470CFFCC1C40E16600BE9499 /* ViewController.swift */,
				470CFFCE1C40E16600BE9499 /* Main.storyboard */,
				470CFFD11C40E16600BE9499 /* Assets.xcassets */,
				470CFFD31C40E16600BE9499 /* LaunchScreen.storyboard */,
				470CFFD61C40E16600BE9499 /* Info.plist */,
			);
			path = SuperCool;
			sourceTree = "<group>";
		};
/* End PBXGroup section */

/* Begin PBXNativeTarget section */
		470CFFC61C40E16600BE9499 /* SuperCool */ = {
			isa = PBXNativeTarget;
			buildConfigurationList = 470CFFD91C40E16600BE9499 /* Build configuration list for PBXNativeTarget "SuperCool" */;
			buildPhases = (
				470CFFC31C40E16600BE9499 /* Sources */,
				470CFFC41C40E16600BE9499 /* Frameworks */,
				470CFFC51C40E16600BE9499 /* Resources */,
			);
			buildRules = (
			);
			dependencies = (
			);
			name = SuperCool;
			productName = SuperCool;
			productReference = 470CFFC71C40E16600BE9499 /* SuperCool.app */;
			productType = "com.apple.product-type.application";
		};
/* End PBXNativeTarget section */

/* Begin PBXProject section */
		470CFFBF1C40E16600BE9499 /* Project object */ = {
			isa = PBXProject;
			attributes = {
				LastSwiftUpdateCheck = 0720;
				LastUpgradeCheck = 0720;
				ORGANIZATIONNAME = "Bryan Guise";
				TargetAttributes = {
					470CFFC61C40E16600BE9499 = {
						CreatedOnToolsVersion = 7.2;
					};
				};
			};
			buildConfigurationList = 470CFFC21C40E16600BE9499 /* Build configuration list for PBXProject "SuperCool" */;
			compatibilityVersion = "Xcode 3.2";
			developmentRegion = English;
			hasScannedForEncodings = 0;
			knownRegions = (
				en,
				Base,
			);
			mainGroup = 470CFFBE1C40E16600BE9499;
			productRefGroup = 470CFFC81C40E16600BE9499 /* Products */;
			projectDirPath = "";
			projectRoot = "";
			targets = (
				470CFFC61C40E16600BE9499 /* SuperCool */,
			);
		};
/* End PBXProject section */

/* Begin PBXResourcesBuildPhase section */
		470CFFC51C40E16600BE9499 /* Resources */ = {
			isa = PBXResourcesBuildPhase;
			buildActionMask = 2147483647;
			files = (
				470CFFD51C40E16600BE9499 /* LaunchScreen.storyboard in Resources */,
				470CFFD21C40E16600BE9499 /* Assets.xcassets in Resources */,
				470CFFD01C40E16600BE9499 /* Main.storyboard in Resources */,
			);
			runOnlyForDeploymentPostprocessing = 0;
		};
/* End PBXResourcesBuildPhase section */

/* Begin PBXSourcesBuildPhase section */
		470CFFC31C40E16600BE9499 /* Sources */ = {
			isa = PBXSourcesBuildPhase;
			buildActionMask = 2147483647;
			files = (
				470CFFCD1C40E16600BE9499 /* ViewController.swift in Sources */,
				470CFFCB1C40E16600BE9499 /* AppDelegate.swift in Sources */,
			);
			runOnlyForDeploymentPostprocessing = 0;
		};
/* End PBXSourcesBuildPhase section */

/* Begin PBXVariantGroup section */
		470CFFCE1C40E16600BE9499 /* Main.storyboard */ = {
			isa = PBXVariantGroup;
			children = (
				470CFFCF1C40E16600BE9499 /* Base */,
			);
			name = Main.storyboard;
			sourceTree = "<group>";
		};
		470CFFD31C40E16600BE9499 /* LaunchScreen.storyboard */ = {
			isa = PBXVariantGroup;
			children = (
				470CFFD41C40E16600BE9499 /* Base */,
			);
			name = LaunchScreen.storyboard;
			sourceTree = "<group>";
		};
/* End PBXVariantGroup section */

/* Begin XCBuildConfiguration section */
		470CFFD71C40E16600BE9499 /* Debug */ = {
			isa = XCBuildConfiguration;
			buildSettings = {
				ALWAYS_SEARCH_USER_PATHS = NO;
				CLANG_CXX_LANGUAGE_STANDARD = "gnu++0x";
				CLANG_CXX_LIBRARY = "libc++";
				CLANG_ENABLE_MODULES = YES;
				CLANG_ENABLE_OBJC_ARC = YES;
				CLANG_WARN_BOOL_CONVERSION = YES;
				CLANG_WARN_CONSTANT_CONVERSION = YES;
				CLANG_WARN_DIRECT_OBJC_ISA_USAGE = YES_ERROR;
				CLANG_WARN_EMPTY_BODY = YES;
				CLANG_WARN_ENUM_CONVERSION = YES;
				CLANG_WARN_INT_CONVERSION = YES;
				CLANG_WARN_OBJC_ROOT_CLASS = YES_ERROR;
				CLANG_WARN_UNREACHABLE_CODE = YES;
				CLANG_WARN__DUPLICATE_METHOD_MATCH = YES;
				"CODE_SIGN_IDENTITY[sdk=iphoneos*]" = "iPhone Developer";
				COPY_PHASE_STRIP = NO;
				DEBUG_INFORMATION_FORMAT = dwarf;
				ENABLE_STRICT_OBJC_MSGSEND = YES;
				ENABLE_TESTABILITY = YES;
				GCC_C_LANGUAGE_STANDARD = gnu99;
				GCC_DYNAMIC_NO_PIC = NO;
				GCC_NO_COMMON_BLOCKS = YES;
				GCC_OPTIMIZATION_LEVEL = 0;
				GCC_PREPROCESSOR_DEFINITIONS = (
					"DEBUG=1",
					"$(inherited)",
				);
				GCC_WARN_64_TO_32_BIT_CONVERSION = YES;
				GCC_WARN_ABOUT_RETURN_TYPE = YES_ERROR;
				GCC_WARN_UNDECLARED_SELECTOR = YES;
				GCC_WARN_UNINITIALIZED_AUTOS = YES_AGGRESSIVE;
				GCC_WARN_UNUSED_FUNCTION = YES;
				GCC_WARN_UNUSED_VARIABLE = YES;
				IPHONEOS_DEPLOYMENT_TARGET = 9.2;
				MTL_ENABLE_DEBUG_INFO = YES;
				ONLY_ACTIVE_ARCH = YES;
				SDKROOT = iphoneos;
				SWIFT_OPTIMIZATION_LEVEL = "-Onone";
			};
			name = Debug;
		};
		470CFFD81C40E16600BE9499 /* Release */ = {
			isa = XCBuildConfiguration;
			buildSettings = {
				ALWAYS_SEARCH_USER_PATHS = NO;
				CLANG_CXX_LANGUAGE_STANDARD = "gnu++0x";
				CLANG_CXX_LIBRARY = "libc++";
				CLANG_ENABLE_MODULES = YES;
				CLANG_ENABLE_OBJC_ARC = YES;
				CLANG_WARN_BOOL_CONVERSION = YES;
				CLANG_WARN_CONSTANT_CONVERSION = YES;
				CLANG_WARN_DIRECT_OBJC_ISA_USAGE = YES_ERROR;
				CLANG_WARN_EMPTY_BODY = YES;
				CLANG_WARN_ENUM_CONVERSION = YES;
				CLANG_WARN_INT_CONVERSION = YES;
				CLANG_WARN_OBJC_ROOT_CLASS = YES_ERROR;
				CLANG_WARN_UNREACHABLE_CODE = YES;
				CLANG_WARN__DUPLICATE_METHOD_MATCH = YES;
				"CODE_SIGN_IDENTITY[sdk=iphoneos*]" = "iPhone Developer";
				COPY_PHASE_STRIP = NO;
				DEBUG_INFORMATION_FORMAT = "dwarf-with-dsym";
				ENABLE_NS_ASSERTIONS = NO;
				ENABLE_STRICT_OBJC_MSGSEND = YES;
				GCC_C_LANGUAGE_STANDARD = gnu99;
				GCC_NO_COMMON_BLOCKS = YES;
				GCC_WARN_64_TO_32_BIT_CONVERSION = YES;
				GCC_WARN_ABOUT_RETURN_TYPE = YES_ERROR;
				GCC_WARN_UNDECLARED_SELECTOR = YES;
				GCC_WARN_UNINITIALIZED_AUTOS = YES_AGGRESSIVE;
				GCC_WARN_UNUSED_FUNCTION = YES;
				GCC_WARN_UNUSED_VARIABLE = YES;
				IPHONEOS_DEPLOYMENT_TARGET = 9.2;
				MTL_ENABLE_DEBUG_INFO = NO;
				SDKROOT = iphoneos;
				VALIDATE_PRODUCT = YES;
			};
			name = Release;
		};
		470CFFDA1C40E16600BE9499 /* Debug */ = {
			isa = XCBuildConfiguration;
			buildSettings = {
				ASSETCATALOG_COMPILER_APPICON_NAME = AppIcon;
				INFOPLIST_FILE = SuperCool/Info.plist;
				LD_RUNPATH_SEARCH_PATHS = "$(inherited) @executable_path/Frameworks";
				PRODUCT_BUNDLE_IDENTIFIER = com.bguiseDEV.SuperCool;
				PRODUCT_NAME = "$(TARGET_NAME)";
			};
			name = Debug;
		};
		470CFFDB1C40E16600BE9499 /* Release */ = {
			isa = XCBuildConfiguration;
			buildSettings = {
				ASSETCATALOG_COMPILER_APPICON_NAME = AppIcon;
				INFOPLIST_FILE = SuperCool/Info.plist;
				LD_RUNPATH_SEARCH_PATHS = "$(inherited) @executable_path/Frameworks";
				PRODUCT_BUNDLE_IDENTIFIER = com.bguiseDEV.SuperCool;
				PRODUCT_NAME = "$(TARGET_NAME)";
			};
			name = Release;
		};
/* End XCBuildConfiguration section */

/* Begin XCConfigurationList section */
		470CFFC21C40E16600BE9499 /* Build configuration list for PBXProject "SuperCool" */ = {
			isa = XCConfigurationList;
			buildConfigurations = (
				470CFFD71C40E16600BE9499 /* Debug */,
				470CFFD81C40E16600BE9499 /* Release */,
			);
			defaultConfigurationIsVisible = 0;
			defaultConfigurationName = Release;
		};
		470CFFD91C40E16600BE9499 /* Build configuration list for PBXNativeTarget "SuperCool" */ = {
			isa = XCConfigurationList;
			buildConfigurations = (
				470CFFDA1C40E16600BE9499 /* Debug */,
				470CFFDB1C40E16600BE9499 /* Release */,
			);
			defaultConfigurationIsVisible = 0;
		};
/* End XCConfigurationList section */
	};
	rootObject = 470CFFBF1C40E16600BE9499 /* Project object */;
}
